PODS:
  - device_info_plus (0.0.1):
    - Flutter
  - Flutter (1.0.0)
  - hyperpay_payment_sdk (1.0.0):
    - Flutter

DEPENDENCIES:
  - device_info_plus (from `.symlinks/plugins/device_info_plus/ios`)
  - Flutter (from `Flutter`)
  - hyperpay_payment_sdk (from `.symlinks/plugins/hyperpay_payment_sdk/ios`)

EXTERNAL SOURCES:
  device_info_plus:
    :path: ".symlinks/plugins/device_info_plus/ios"
  Flutter:
    :path: Flutter
  hyperpay_payment_sdk:
    :path: ".symlinks/plugins/hyperpay_payment_sdk/ios"

SPEC CHECKSUMS:
  device_info_plus: bf2e3232933866d73fe290f2942f2156cdd10342
  Flutter: cabc95a1d2626b1b06e7179b784ebcf0c0cde467
  hyperpay_payment_sdk: de3346da47303009cf8a5e144f8bed6d86dbab0c

PODFILE CHECKSUM: 2f77a2c7d2b7869ea4da70b3bf38e6028a6be58b

COCOAPODS: 1.16.2
