PODS:
  - device_info_plus (0.0.1):
    - Flutter
  - Flutter (1.0.0)
  - hyperpay_plugin (0.0.4):
    - Flutter
    - hyperpay_sdk (~> 6.16.0)
  - hyperpay_sdk (6.16.0)

DEPENDENCIES:
  - device_info_plus (from `.symlinks/plugins/device_info_plus/ios`)
  - Flutter (from `Flutter`)
  - hyperpay_plugin (from `.symlinks/plugins/hyperpay_plugin/ios`)
  - hyperpay_sdk (from `https://github.com/MohamedHassan1311/hyperpaysdkIOS.git`, branch `staging`)

EXTERNAL SOURCES:
  device_info_plus:
    :path: ".symlinks/plugins/device_info_plus/ios"
  Flutter:
    :path: Flutter
  hyperpay_plugin:
    :path: ".symlinks/plugins/hyperpay_plugin/ios"
  hyperpay_sdk:
    :branch: staging
    :git: https://github.com/MohamedHassan1311/hyperpaysdkIOS.git

CHECKOUT OPTIONS:
  hyperpay_sdk:
    :commit: 8c7ac38b76e5f0f8fd4a21107fb0663f6a5d56b6
    :git: https://github.com/MohamedHassan1311/hyperpaysdkIOS.git

SPEC CHECKSUMS:
  device_info_plus: 21fcca2080fbcd348be798aa36c3e5ed849eefbe
  Flutter: cabc95a1d2626b1b06e7179b784ebcf0c0cde467
  hyperpay_plugin: 12876514f9e325ea793bb628731cf420e5c5581e
  hyperpay_sdk: 00687afeeac4879c005ddde5db729b61f6a87e96

PODFILE CHECKSUM: 302aa4dbde36e13925c82c427280c3a6e1348c0c

COCOAPODS: 1.16.2
